
Microsoft Visual Studio Solution File, Format Version 12.00
# Visual Studio Version 17
VisualStudioVersion = 17.9.34902.65
MinimumVisualStudioVersion = 10.0.40219.1
Project("{9A19103F-16F7-4668-BE54-9A1E7A4F7556}") = "Domain", "Domain\Domain.csproj", "{AA6BEC36-AE63-40D7-9B49-5D0BA32089D5}"
EndProject
Project("{9A19103F-16F7-4668-BE54-9A1E7A4F7556}") = "Infra.Data", "Infra.Data\Infra.Data.csproj", "{A954DE21-18E2-45CB-9D91-760E486411E4}"
EndProject
Project("{9A19103F-16F7-4668-BE54-9A1E7A4F7556}") = "Infra.IoC", "Infra.IoC\Infra.IoC.csproj", "{EFB388BD-3486-4516-B6B4-AFDF7C3C4929}"
EndProject
Project("{9A19103F-16F7-4668-BE54-9A1E7A4F7556}") = "API", "API\API.csproj", "{8023E7D3-85A7-47CA-A579-4C0671F17F00}"
EndProject
Project("{FAE04EC0-301F-11D3-BF4B-00C04F79EFBC}") = "Application", "Application\Application.csproj", "{BD62218E-1A36-433F-8A9B-2215CCF3E3B2}"
EndProject
Global
	GlobalSection(SolutionConfigurationPlatforms) = preSolution
		Debug|Any CPU = Debug|Any CPU
		Release|Any CPU = Release|Any CPU
	EndGlobalSection
	GlobalSection(ProjectConfigurationPlatforms) = postSolution
		{AA6BEC36-AE63-40D7-9B49-5D0BA32089D5}.Debug|Any CPU.ActiveCfg = Debug|Any CPU
		{AA6BEC36-AE63-40D7-9B49-5D0BA32089D5}.Debug|Any CPU.Build.0 = Debug|Any CPU
		{AA6BEC36-AE63-40D7-9B49-5D0BA32089D5}.Release|Any CPU.ActiveCfg = Release|Any CPU
		{AA6BEC36-AE63-40D7-9B49-5D0BA32089D5}.Release|Any CPU.Build.0 = Release|Any CPU
		{A954DE21-18E2-45CB-9D91-760E486411E4}.Debug|Any CPU.ActiveCfg = Debug|Any CPU
		{A954DE21-18E2-45CB-9D91-760E486411E4}.Debug|Any CPU.Build.0 = Debug|Any CPU
		{A954DE21-18E2-45CB-9D91-760E486411E4}.Release|Any CPU.ActiveCfg = Release|Any CPU
		{A954DE21-18E2-45CB-9D91-760E486411E4}.Release|Any CPU.Build.0 = Release|Any CPU
		{EFB388BD-3486-4516-B6B4-AFDF7C3C4929}.Debug|Any CPU.ActiveCfg = Debug|Any CPU
		{EFB388BD-3486-4516-B6B4-AFDF7C3C4929}.Debug|Any CPU.Build.0 = Debug|Any CPU
		{EFB388BD-3486-4516-B6B4-AFDF7C3C4929}.Release|Any CPU.ActiveCfg = Release|Any CPU
		{EFB388BD-3486-4516-B6B4-AFDF7C3C4929}.Release|Any CPU.Build.0 = Release|Any CPU
		{8023E7D3-85A7-47CA-A579-4C0671F17F00}.Debug|Any CPU.ActiveCfg = Debug|Any CPU
		{8023E7D3-85A7-47CA-A579-4C0671F17F00}.Debug|Any CPU.Build.0 = Debug|Any CPU
		{8023E7D3-85A7-47CA-A579-4C0671F17F00}.Release|Any CPU.ActiveCfg = Release|Any CPU
		{8023E7D3-85A7-47CA-A579-4C0671F17F00}.Release|Any CPU.Build.0 = Release|Any CPU
		{BD62218E-1A36-433F-8A9B-2215CCF3E3B2}.Debug|Any CPU.ActiveCfg = Debug|Any CPU
		{BD62218E-1A36-433F-8A9B-2215CCF3E3B2}.Debug|Any CPU.Build.0 = Debug|Any CPU
		{BD62218E-1A36-433F-8A9B-2215CCF3E3B2}.Release|Any CPU.ActiveCfg = Release|Any CPU
		{BD62218E-1A36-433F-8A9B-2215CCF3E3B2}.Release|Any CPU.Build.0 = Release|Any CPU
	EndGlobalSection
	GlobalSection(SolutionProperties) = preSolution
		HideSolutionNode = FALSE
	EndGlobalSection
	GlobalSection(ExtensibilityGlobals) = postSolution
		SolutionGuid = {E34148D9-151E-4BD6-9703-613004B88A5E}
	EndGlobalSection
EndGlobal
